<?xml version="1.0" encoding="utf-8"?>
<Project ToolsVersion="17.0" xmlns="http://schemas.microsoft.com/developer/msbuild/2003">
  <ItemGroup>
    <ClCompile Include="Z:\DigiviceRefactor\main.cpp">
      <Filter>Source Files</Filter>
    </ClCompile>
    <ClCompile Include="Z:\DigiviceRefactor\src\bitmapfont.cpp">
      <Filter>Source Files</Filter>
    </ClCompile>
    <ClCompile Include="Z:\DigiviceRefactor\src\core\InputManager_keybind.cpp">
      <Filter>Source Files</Filter>
    </ClCompile>
    <ClCompile Include="Z:\DigiviceRefactor\src\core\InputManager_rebind.cpp">
      <Filter>Source Files</Filter>
    </ClCompile>
    <ClCompile Include="Z:\DigiviceRefactor\src\core\animationmanager.cpp">
      <Filter>Source Files</Filter>
    </ClCompile>
    <ClCompile Include="Z:\DigiviceRefactor\src\core\assetmanager.cpp">
      <Filter>Source Files</Filter>
    </ClCompile>
    <ClCompile Include="Z:\DigiviceRefactor\src\core\game.cpp">
      <Filter>Source Files</Filter>
    </ClCompile>
    <ClCompile Include="Z:\DigiviceRefactor\src\core\game_fade.cpp">
      <Filter>Source Files</Filter>
    </ClCompile>
    <ClCompile Include="Z:\DigiviceRefactor\src\core\inputmanager.cpp">
      <Filter>Source Files</Filter>
    </ClCompile>
    <ClCompile Include="Z:\DigiviceRefactor\src\graphics\animation.cpp">
      <Filter>Source Files</Filter>
    </ClCompile>
    <ClCompile Include="Z:\DigiviceRefactor\src\graphics\animator.cpp">
      <Filter>Source Files</Filter>
    </ClCompile>
    <ClCompile Include="Z:\DigiviceRefactor\src\menu.cpp">
      <Filter>Source Files</Filter>
    </ClCompile>
    <ClCompile Include="Z:\DigiviceRefactor\src\platform\pc\pc_display.cpp">
      <Filter>Source Files</Filter>
    </ClCompile>
    <ClCompile Include="Z:\DigiviceRefactor\src\states\SettingsState.cpp">
      <Filter>Source Files</Filter>
    </ClCompile>
    <ClCompile Include="Z:\DigiviceRefactor\src\states\adventurestate.cpp">
      <Filter>Source Files</Filter>
    </ClCompile>
    <ClCompile Include="Z:\DigiviceRefactor\src\states\battlestate.cpp">
      <Filter>Source Files</Filter>
    </ClCompile>
    <ClCompile Include="Z:\DigiviceRefactor\src\states\mapsystemstate.cpp">
      <Filter>Source Files</Filter>
    </ClCompile>
    <ClCompile Include="Z:\DigiviceRefactor\src\states\menustate.cpp">
      <Filter>Source Files</Filter>
    </ClCompile>
    <ClCompile Include="Z:\DigiviceRefactor\src\states\partnerselectstate.cpp">
      <Filter>Source Files</Filter>
    </ClCompile>
    <ClCompile Include="Z:\DigiviceRefactor\src\states\progressstate.cpp">
      <Filter>Source Files</Filter>
    </ClCompile>
    <ClCompile Include="Z:\DigiviceRefactor\src\states\transitionstate.cpp">
      <Filter>Source Files</Filter>
    </ClCompile>
    <ClCompile Include="Z:\DigiviceRefactor\src\ui\textrenderer.cpp">
      <Filter>Source Files</Filter>
    </ClCompile>
    <ClCompile Include="Z:\DigiviceRefactor\src\utils\ConfigManager.cpp">
      <Filter>Source Files</Filter>
    </ClCompile>
    <ClCompile Include="Z:\DigiviceRefactor\src\utils\animationutils.cpp">
      <Filter>Source Files</Filter>
    </ClCompile>
    <ClCompile Include="Z:\DigiviceRefactor\src\widget.cpp">
      <Filter>Source Files</Filter>
    </ClCompile>
  </ItemGroup>
  <ItemGroup>
    <CustomBuild Include="Z:\DigiviceRefactor\CMakeLists.txt" />
  </ItemGroup>
  <ItemGroup>
    <Filter Include="Source Files">
      <UniqueIdentifier>{270CA42E-6A89-3D0D-9A6D-A3208815CED8}</UniqueIdentifier>
    </Filter>
  </ItemGroup>
</Project>
