
Microsoft Visual Studio Solution File, Format Version 12.00
# Visual Studio Version 17
Project("{8BC9CEB8-8B4A-11D0-8D11-00A0C91BC942}") = "ALL_BUILD", "ALL_BUILD.vcxproj", "{8AFEDD9D-5976-3466-BBA8-2252606FE793}"
	ProjectSection(ProjectDependencies) = postProject
		{CCC55C16-A2D8-328E-9B05-CCF1CA7D8E45} = {CCC55C16-A2D8-328E-9B05-CCF1CA7D8E45}
		{9DEA61A7-40E9-3321-AF1D-135F627EF2A2} = {9DEA61A7-40E9-3321-AF1D-135F627EF2A2}
	EndProjectSection
EndProject
Project("{8BC9CEB8-8B4A-11D0-8D11-00A0C91BC942}") = "DigiviceSim", "DigiviceSim.vcxproj", "{CCC55C16-A2D8-328E-9B05-CCF1CA7D8E45}"
	ProjectSection(ProjectDependencies) = postProject
		{9DEA61A7-40E9-3321-AF1D-135F627EF2A2} = {9DEA61A7-40E9-3321-AF1D-135F627EF2A2}
	EndProjectSection
EndProject
Project("{8BC9CEB8-8B4A-11D0-8D11-00A0C91BC942}") = "ZERO_CHECK", "ZERO_CHECK.vcxproj", "{9DEA61A7-40E9-3321-AF1D-135F627EF2A2}"
	ProjectSection(ProjectDependencies) = postProject
	EndProjectSection
EndProject
Global
	GlobalSection(SolutionConfigurationPlatforms) = preSolution
		Debug|x64 = Debug|x64
		Release|x64 = Release|x64
		MinSizeRel|x64 = MinSizeRel|x64
		RelWithDebInfo|x64 = RelWithDebInfo|x64
	EndGlobalSection
	GlobalSection(ProjectConfigurationPlatforms) = postSolution
		{8AFEDD9D-5976-3466-BBA8-2252606FE793}.Debug|x64.ActiveCfg = Debug|x64
		{8AFEDD9D-5976-3466-BBA8-2252606FE793}.Release|x64.ActiveCfg = Release|x64
		{8AFEDD9D-5976-3466-BBA8-2252606FE793}.MinSizeRel|x64.ActiveCfg = MinSizeRel|x64
		{8AFEDD9D-5976-3466-BBA8-2252606FE793}.RelWithDebInfo|x64.ActiveCfg = RelWithDebInfo|x64
		{CCC55C16-A2D8-328E-9B05-CCF1CA7D8E45}.Debug|x64.ActiveCfg = Debug|x64
		{CCC55C16-A2D8-328E-9B05-CCF1CA7D8E45}.Debug|x64.Build.0 = Debug|x64
		{CCC55C16-A2D8-328E-9B05-CCF1CA7D8E45}.Release|x64.ActiveCfg = Release|x64
		{CCC55C16-A2D8-328E-9B05-CCF1CA7D8E45}.Release|x64.Build.0 = Release|x64
		{CCC55C16-A2D8-328E-9B05-CCF1CA7D8E45}.MinSizeRel|x64.ActiveCfg = MinSizeRel|x64
		{CCC55C16-A2D8-328E-9B05-CCF1CA7D8E45}.MinSizeRel|x64.Build.0 = MinSizeRel|x64
		{CCC55C16-A2D8-328E-9B05-CCF1CA7D8E45}.RelWithDebInfo|x64.ActiveCfg = RelWithDebInfo|x64
		{CCC55C16-A2D8-328E-9B05-CCF1CA7D8E45}.RelWithDebInfo|x64.Build.0 = RelWithDebInfo|x64
		{9DEA61A7-40E9-3321-AF1D-135F627EF2A2}.Debug|x64.ActiveCfg = Debug|x64
		{9DEA61A7-40E9-3321-AF1D-135F627EF2A2}.Debug|x64.Build.0 = Debug|x64
		{9DEA61A7-40E9-3321-AF1D-135F627EF2A2}.Release|x64.ActiveCfg = Release|x64
		{9DEA61A7-40E9-3321-AF1D-135F627EF2A2}.Release|x64.Build.0 = Release|x64
		{9DEA61A7-40E9-3321-AF1D-135F627EF2A2}.MinSizeRel|x64.ActiveCfg = MinSizeRel|x64
		{9DEA61A7-40E9-3321-AF1D-135F627EF2A2}.MinSizeRel|x64.Build.0 = MinSizeRel|x64
		{9DEA61A7-40E9-3321-AF1D-135F627EF2A2}.RelWithDebInfo|x64.ActiveCfg = RelWithDebInfo|x64
		{9DEA61A7-40E9-3321-AF1D-135F627EF2A2}.RelWithDebInfo|x64.Build.0 = RelWithDebInfo|x64
	EndGlobalSection
	GlobalSection(ExtensibilityGlobals) = postSolution
		SolutionGuid = {8F00533B-2B10-34CB-A4E2-6B8E230CA431}
	EndGlobalSection
	GlobalSection(ExtensibilityAddIns) = postSolution
	EndGlobalSection
EndGlobal
